
Microsoft Visual Studio Solution File, Format Version 12.00
# Visual Studio Version 17
VisualStudioVersion = 17.13.36105.23
MinimumVisualStudioVersion = 10.0.40219.1
Project("{FAE04EC0-301F-11D3-BF4B-00C04F79EFBC}") = "OOP_01", "OOP_01\OOP_01.csproj", "{1D49978A-1C3E-467C-B796-F3D699D170C1}"
EndProject
Project("{FAE04EC0-301F-11D3-BF4B-00C04F79EFBC}") = "OOP_02", "OOP_02\OOP_02.csproj", "{35F756E3-FA71-421F-9A8A-09CECE8471EB}"
EndProject
Project("{FAE04EC0-301F-11D3-BF4B-00C04F79EFBC}") = "OOP_03", "OOP_03\OOP_03.csproj", "{98638339-1CBD-424C-B818-E215B28C1A33}"
EndProject
Project("{FAE04EC0-301F-11D3-BF4B-00C04F79EFBC}") = "OOP_04", "OOP_04\OOP_04.csproj", "{C07E1695-DB65-4DE2-A643-D557C3C17884}"
EndProject
Project("{FAE04EC0-301F-11D3-BF4B-00C04F79EFBC}") = "OOP_05", "OOP_05\OOP_05.csproj", "{7BAC5DE3-B847-41AC-A4F2-6003F80D7A2F}"
EndProject
Global
	GlobalSection(SolutionConfigurationPlatforms) = preSolution
		Debug|Any CPU = Debug|Any CPU
		Release|Any CPU = Release|Any CPU
	EndGlobalSection
	GlobalSection(ProjectConfigurationPlatforms) = postSolution
		{1D49978A-1C3E-467C-B796-F3D699D170C1}.Debug|Any CPU.ActiveCfg = Debug|Any CPU
		{1D49978A-1C3E-467C-B796-F3D699D170C1}.Debug|Any CPU.Build.0 = Debug|Any CPU
		{1D49978A-1C3E-467C-B796-F3D699D170C1}.Release|Any CPU.ActiveCfg = Release|Any CPU
		{1D49978A-1C3E-467C-B796-F3D699D170C1}.Release|Any CPU.Build.0 = Release|Any CPU
		{35F756E3-FA71-421F-9A8A-09CECE8471EB}.Debug|Any CPU.ActiveCfg = Debug|Any CPU
		{35F756E3-FA71-421F-9A8A-09CECE8471EB}.Debug|Any CPU.Build.0 = Debug|Any CPU
		{35F756E3-FA71-421F-9A8A-09CECE8471EB}.Release|Any CPU.ActiveCfg = Release|Any CPU
		{35F756E3-FA71-421F-9A8A-09CECE8471EB}.Release|Any CPU.Build.0 = Release|Any CPU
		{98638339-1CBD-424C-B818-E215B28C1A33}.Debug|Any CPU.ActiveCfg = Debug|Any CPU
		{98638339-1CBD-424C-B818-E215B28C1A33}.Debug|Any CPU.Build.0 = Debug|Any CPU
		{98638339-1CBD-424C-B818-E215B28C1A33}.Release|Any CPU.ActiveCfg = Release|Any CPU
		{98638339-1CBD-424C-B818-E215B28C1A33}.Release|Any CPU.Build.0 = Release|Any CPU
		{C07E1695-DB65-4DE2-A643-D557C3C17884}.Debug|Any CPU.ActiveCfg = Debug|Any CPU
		{C07E1695-DB65-4DE2-A643-D557C3C17884}.Debug|Any CPU.Build.0 = Debug|Any CPU
		{C07E1695-DB65-4DE2-A643-D557C3C17884}.Release|Any CPU.ActiveCfg = Release|Any CPU
		{C07E1695-DB65-4DE2-A643-D557C3C17884}.Release|Any CPU.Build.0 = Release|Any CPU
		{7BAC5DE3-B847-41AC-A4F2-6003F80D7A2F}.Debug|Any CPU.ActiveCfg = Debug|Any CPU
		{7BAC5DE3-B847-41AC-A4F2-6003F80D7A2F}.Debug|Any CPU.Build.0 = Debug|Any CPU
		{7BAC5DE3-B847-41AC-A4F2-6003F80D7A2F}.Release|Any CPU.ActiveCfg = Release|Any CPU
		{7BAC5DE3-B847-41AC-A4F2-6003F80D7A2F}.Release|Any CPU.Build.0 = Release|Any CPU
	EndGlobalSection
	GlobalSection(SolutionProperties) = preSolution
		HideSolutionNode = FALSE
	EndGlobalSection
	GlobalSection(ExtensibilityGlobals) = postSolution
		SolutionGuid = {CF9E59E0-0191-429C-A761-8DAB23B9B437}
	EndGlobalSection
EndGlobal
